<?xml version="1.0" encoding="UTF-8" standalone="yes" ?>
<CodeBlocks_project_file>
	<FileVersion major="1" minor="6" />
	<Project>
		<Option title="INF1002_CProject_Grp12" />
		<Option pch_mode="2" />
		<Option compiler="gcc" />
		<Build>
			<Target title="Debug">
				<Option output="bin/Debug/INF1002_CProject_Grp12" prefix_auto="1" extension_auto="1" />
				<Option object_output="obj/Debug/" />
				<Option type="1" />
				<Option compiler="gcc" />
				<Compiler>
					<Add option="-g" />
				</Compiler>
			</Target>
			<Target title="Release">
				<Option output="bin/Release/INF1002_CProject_Grp12" prefix_auto="1" extension_auto="1" />
				<Option object_output="obj/Release/" />
				<Option type="1" />
				<Option compiler="gcc" />
				<Compiler>
					<Add option="-O2" />
				</Compiler>
				<Linker>
					<Add option="-s" />
				</Linker>
			</Target>
		</Build>
		<Compiler>
			<Add option="-Wall" />
		</Compiler>
		<Unit filename="INF1002_CProject_Grp12.cbp" />
		<Unit filename="INF1002_Group Project Assignment_Sample.ini" />
		<Unit filename="Makefile" />
		<Unit filename="README.md" />
		<Unit filename="SavedList.ini" />
		<Unit filename="Test_Assignment.vcxproj" />
		<Unit filename="Test_Assignment.vcxproj.filters" />
		<Unit filename="Test_Assignment.vcxproj.user" />
		<Unit filename="chat1002.h" />
		<Unit filename="chatbot.c">
			<Option compilerVar="CC" />
		</Unit>
		<Unit filename="knowledge.c">
			<Option compilerVar="CC" />
		</Unit>
		<Unit filename="main.c">
			<Option compilerVar="CC" />
		</Unit>
		<Unit filename="pch.h" />
		<Extensions>
			<code_completion />
			<envvars />
			<debugger />
		</Extensions>
	</Project>
</CodeBlocks_project_file>
